
Microsoft Visual Studio Solution File, Format Version 12.00
# Visual Studio Version 17
VisualStudioVersion = 17.9.34622.214
MinimumVisualStudioVersion = 10.0.40219.1
Project("{FAE04EC0-301F-11D3-BF4B-00C04F79EFBC}") = "numerical_project", "numerical_project\numerical_project.csproj", "{BA180307-96CB-47E9-9916-50217EE5617D}"
EndProject
Global
	GlobalSection(SolutionConfigurationPlatforms) = preSolution
		Debug|Any CPU = Debug|Any CPU
		Release|Any CPU = Release|Any CPU
	EndGlobalSection
	GlobalSection(ProjectConfigurationPlatforms) = postSolution
		{BA180307-96CB-47E9-9916-50217EE5617D}.Debug|Any CPU.ActiveCfg = Debug|Any CPU
		{BA180307-96CB-47E9-9916-50217EE5617D}.Debug|Any CPU.Build.0 = Debug|Any CPU
		{BA180307-96CB-47E9-9916-50217EE5617D}.Release|Any CPU.ActiveCfg = Release|Any CPU
		{BA180307-96CB-47E9-9916-50217EE5617D}.Release|Any CPU.Build.0 = Release|Any CPU
	EndGlobalSection
	GlobalSection(SolutionProperties) = preSolution
		HideSolutionNode = FALSE
	EndGlobalSection
	GlobalSection(ExtensibilityGlobals) = postSolution
		SolutionGuid = {17D497D9-ED1E-43FE-821D-81F8C6E1BC75}
	EndGlobalSection
EndGlobal
